# THIS IS AN AUTOGENERATED FILE. DO NOT EDIT THIS FILE DIRECTLY.
# yarn lockfile v1


"@miragejs/pretender-node-polyfill@^0.1.0":
  version "0.1.2"
  resolved "https://registry.yarnpkg.com/@miragejs/pretender-node-polyfill/-/pretender-node-polyfill-0.1.2.tgz#d26b6b7483fb70cd62189d05c95d2f67153e43f2"
  integrity sha512-M/BexG/p05C5lFfMunxo/QcgIJnMT2vDVCd00wNqK2ImZONIlEETZwWJu1QtLxtmYlSHlCFl3JNzp0tLe7OJ5g==

fake-xml-http-request@^2.1.1:
  version "2.1.1"
  resolved "https://registry.yarnpkg.com/fake-xml-http-request/-/fake-xml-http-request-2.1.1.tgz#279fdac235840d7a4dff77d98ec44bce9fc690a6"
  integrity sha512-Kn2WYYS6cDBS5jq/voOfSGCA0TafOYAUPbEp8mUVpD/DVV5bQIDjlq+MLLvNUokkbTpjBVlLDaM5PnX+PwZMlw==

faker@^4.1.0:
  version "4.1.0"
  resolved "https://registry.yarnpkg.com/faker/-/faker-4.1.0.tgz#1e45bbbecc6774b3c195fad2835109c6d748cc3f"
  integrity sha1-HkW7vsxndLPBlfrSg1EJxtdIzD8=

inflected@^2.0.4:
  version "2.0.4"
  resolved "https://registry.yarnpkg.com/inflected/-/inflected-2.0.4.tgz#323770961ccbe992a98ea930512e9a82d3d3ef77"
  integrity sha512-HQPzFLTTUvwfeUH6RAGjD8cHS069mBqXG5n4qaxX7sJXBhVQrsGgF+0ZJGkSuN6a8pcUWB/GXStta11kKi/WvA==

lodash.assign@^4.2.0:
  version "4.2.0"
  resolved "https://registry.yarnpkg.com/lodash.assign/-/lodash.assign-4.2.0.tgz#0d99f3ccd7a6d261d19bdaeb9245005d285808e7"
  integrity sha1-DZnzzNem0mHRm9rrkkUAXShYCOc=

lodash.camelcase@^4.3.0:
  version "4.3.0"
  resolved "https://registry.yarnpkg.com/lodash.camelcase/-/lodash.camelcase-4.3.0.tgz#b28aa6288a2b9fc651035c7711f65ab6190331a6"
  integrity sha1-soqmKIorn8ZRA1x3EfZathkDMaY=

lodash.clonedeep@^4.5.0:
  version "4.5.0"
  resolved "https://registry.yarnpkg.com/lodash.clonedeep/-/lodash.clonedeep-4.5.0.tgz#e23f3f9c4f8fbdde872529c1071857a086e5ccef"
  integrity sha1-4j8/nE+Pvd6HJSnBBxhXoIblzO8=

lodash.compact@^3.0.1:
  version "3.0.1"
  resolved "https://registry.yarnpkg.com/lodash.compact/-/lodash.compact-3.0.1.tgz#540ce3837745975807471e16b4a2ba21e7256ca5"
  integrity sha1-VAzjg3dFl1gHRx4WtKK6IeclbKU=

lodash.find@^4.6.0:
  version "4.6.0"
  resolved "https://registry.yarnpkg.com/lodash.find/-/lodash.find-4.6.0.tgz#cb0704d47ab71789ffa0de8b97dd926fb88b13b1"
  integrity sha1-ywcE1Hq3F4n/oN6Ll92Sb7iLE7E=

lodash.flatten@^4.4.0:
  version "4.4.0"
  resolved "https://registry.yarnpkg.com/lodash.flatten/-/lodash.flatten-4.4.0.tgz#f31c22225a9632d2bbf8e4addbef240aa765a61f"
  integrity sha1-8xwiIlqWMtK7+OSt2+8kCqdlph8=

lodash.forin@^4.4.0:
  version "4.4.0"
  resolved "https://registry.yarnpkg.com/lodash.forin/-/lodash.forin-4.4.0.tgz#5d3f20ae564011fbe88381f7d98949c9c9519731"
  integrity sha1-XT8grlZAEfvog4H32YlJyclRlzE=

lodash.get@^4.4.2:
  version "4.4.2"
  resolved "https://registry.yarnpkg.com/lodash.get/-/lodash.get-4.4.2.tgz#2d177f652fa31e939b4438d5341499dfa3825e99"
  integrity sha1-LRd/ZS+jHpObRDjVNBSZ36OCXpk=

lodash.has@^4.5.2:
  version "4.5.2"
  resolved "https://registry.yarnpkg.com/lodash.has/-/lodash.has-4.5.2.tgz#d19f4dc1095058cccbe2b0cdf4ee0fe4aa37c862"
  integrity sha1-0Z9NwQlQWMzL4rDN9O4P5Ko3yGI=

lodash.invokemap@^4.6.0:
  version "4.6.0"
  resolved "https://registry.yarnpkg.com/lodash.invokemap/-/lodash.invokemap-4.6.0.tgz#1748cda5d8b0ef8369c4eb3ec54c21feba1f2d62"
  integrity sha1-F0jNpdiw74NpxOs+xUwh/rofLWI=

lodash.isempty@^4.4.0:
  version "4.4.0"
  resolved "https://registry.yarnpkg.com/lodash.isempty/-/lodash.isempty-4.4.0.tgz#6f86cbedd8be4ec987be9aaf33c9684db1b31e7e"
  integrity sha1-b4bL7di+TsmHvpqvM8loTbGzHn4=

lodash.isequal@^4.5.0:
  version "4.5.0"
  resolved "https://registry.yarnpkg.com/lodash.isequal/-/lodash.isequal-4.5.0.tgz#415c4478f2bcc30120c22ce10ed3226f7d3e18e0"
  integrity sha1-QVxEePK8wwEgwizhDtMib30+GOA=

lodash.isfunction@^3.0.9:
  version "3.0.9"
  resolved "https://registry.yarnpkg.com/lodash.isfunction/-/lodash.isfunction-3.0.9.tgz#06de25df4db327ac931981d1bdb067e5af68d051"
  integrity sha512-AirXNj15uRIMMPihnkInB4i3NHeb4iBtNg9WRWuK2o31S+ePwwNmDPaTL3o7dTJ+VXNZim7rFs4rxN4YU1oUJw==

lodash.isinteger@^4.0.4:
  version "4.0.4"
  resolved "https://registry.yarnpkg.com/lodash.isinteger/-/lodash.isinteger-4.0.4.tgz#619c0af3d03f8b04c31f5882840b77b11cd68343"
  integrity sha1-YZwK89A/iwTDH1iChAt3sRzWg0M=

lodash.isplainobject@^4.0.6:
  version "4.0.6"
  resolved "https://registry.yarnpkg.com/lodash.isplainobject/-/lodash.isplainobject-4.0.6.tgz#7c526a52d89b45c45cc690b88163be0497f550cb"
  integrity sha1-fFJqUtibRcRcxpC4gWO+BJf1UMs=

lodash.lowerfirst@^4.3.1:
  version "4.3.1"
  resolved "https://registry.yarnpkg.com/lodash.lowerfirst/-/lodash.lowerfirst-4.3.1.tgz#de3c7b12e02c6524a0059c2f6cb7c5c52655a13d"
  integrity sha1-3jx7EuAsZSSgBZwvbLfFxSZVoT0=

lodash.map@^4.6.0:
  version "4.6.0"
  resolved "https://registry.yarnpkg.com/lodash.map/-/lodash.map-4.6.0.tgz#771ec7839e3473d9c4cde28b19394c3562f4f6d3"
  integrity sha1-dx7Hg540c9nEzeKLGTlMNWL09tM=

lodash.mapvalues@^4.6.0:
  version "4.6.0"
  resolved "https://registry.yarnpkg.com/lodash.mapvalues/-/lodash.mapvalues-4.6.0.tgz#1bafa5005de9dd6f4f26668c30ca37230cc9689c"
  integrity sha1-G6+lAF3p3W9PJmaMMMo3IwzJaJw=

lodash.pick@^4.4.0:
  version "4.4.0"
  resolved "https://registry.yarnpkg.com/lodash.pick/-/lodash.pick-4.4.0.tgz#52f05610fff9ded422611441ed1fc123a03001b3"
  integrity sha1-UvBWEP/53tQiYRRB7R/BI6AwAbM=

lodash.snakecase@^4.1.1:
  version "4.1.1"
  resolved "https://registry.yarnpkg.com/lodash.snakecase/-/lodash.snakecase-4.1.1.tgz#39d714a35357147837aefd64b5dcbb16becd8f8d"
  integrity sha1-OdcUo1NXFHg3rv1ktdy7Fr7Nj40=

lodash.uniq@^4.5.0:
  version "4.5.0"
  resolved "https://registry.yarnpkg.com/lodash.uniq/-/lodash.uniq-4.5.0.tgz#d0225373aeb652adc1bc82e4945339a842754773"
  integrity sha1-0CJTc662Uq3BvILklFM5qEJ1R3M=

lodash.uniqby@^4.7.0:
  version "4.7.0"
  resolved "https://registry.yarnpkg.com/lodash.uniqby/-/lodash.uniqby-4.7.0.tgz#d99c07a669e9e6d24e1362dfe266c67616af1302"
  integrity sha1-2ZwHpmnp5tJOE2Lf4mbGdhavEwI=

lodash.values@^4.3.0:
  version "4.3.0"
  resolved "https://registry.yarnpkg.com/lodash.values/-/lodash.values-4.3.0.tgz#a3a6c2b0ebecc5c2cba1c17e6e620fe81b53d347"
  integrity sha1-o6bCsOvsxcLLocF+bmIP6BtT00c=

miragejs@^0.1.40:
  version "0.1.40"
  resolved "https://registry.yarnpkg.com/miragejs/-/miragejs-0.1.40.tgz#5bcba7634312c012748ae7f294e1516b74b37182"
  integrity sha512-7zxIcynzdS6425KZ2+TWD6F6DqESorulSDW2QBXf4iKyVn/J5vSielcubAK8sTKUefTPCrSRi7PwgNOb0JlmIg==
  dependencies:
    "@miragejs/pretender-node-polyfill" "^0.1.0"
    inflected "^2.0.4"
    lodash.assign "^4.2.0"
    lodash.camelcase "^4.3.0"
    lodash.clonedeep "^4.5.0"
    lodash.compact "^3.0.1"
    lodash.find "^4.6.0"
    lodash.flatten "^4.4.0"
    lodash.forin "^4.4.0"
    lodash.get "^4.4.2"
    lodash.has "^4.5.2"
    lodash.invokemap "^4.6.0"
    lodash.isempty "^4.4.0"
    lodash.isequal "^4.5.0"
    lodash.isfunction "^3.0.9"
    lodash.isinteger "^4.0.4"
    lodash.isplainobject "^4.0.6"
    lodash.lowerfirst "^4.3.1"
    lodash.map "^4.6.0"
    lodash.mapvalues "^4.6.0"
    lodash.pick "^4.4.0"
    lodash.snakecase "^4.1.1"
    lodash.uniq "^4.5.0"
    lodash.uniqby "^4.7.0"
    lodash.values "^4.3.0"
    pretender "^3.4.3"

pretender@^3.4.3:
  version "3.4.3"
  resolved "https://registry.yarnpkg.com/pretender/-/pretender-3.4.3.tgz#a3b4160516007075d29127262f3a0063d19896e9"
  integrity sha512-AlbkBly9R8KR+R0sTCJ/ToOeEoUMtt52QVCetui5zoSmeLOU3S8oobFsyPLm1O2txR6t58qDNysqPnA1vVi8Hg==
  dependencies:
    fake-xml-http-request "^2.1.1"
    route-recognizer "^0.3.3"

route-recognizer@^0.3.3:
  version "0.3.4"
  resolved "https://registry.yarnpkg.com/route-recognizer/-/route-recognizer-0.3.4.tgz#39ab1ffbce1c59e6d2bdca416f0932611e4f3ca3"
  integrity sha512-2+MhsfPhvauN1O8KaXpXAOfR/fwe8dnUXVM+xw7yt40lJRfPVQxV6yryZm0cgRvAj5fMF/mdRZbL2ptwbs5i2g==
